
Microsoft Visual Studio Solution File, Format Version 12.00
# Visual Studio Version 17
VisualStudioVersion = 17.11.35219.272
MinimumVisualStudioVersion = 10.0.40219.1
Project("{9A19103F-16F7-4668-BE54-9A1E7A4F7556}") = "kamen-nuzky-papir", "kamen-nuzky-papir\kamen-nuzky-papir.csproj", "{D2B5E427-BED7-457A-B8ED-35448AEE3C11}"
EndProject
Project("{9A19103F-16F7-4668-BE54-9A1E7A4F7556}") = "piskvorky", "piskvorky\piskvorky.csproj", "{C711280B-FE86-4890-9D73-59CA6C8D0870}"
EndProject
Project("{9A19103F-16F7-4668-BE54-9A1E7A4F7556}") = "sibenice", "sibenice\sibenice.csproj", "{3D669936-D52F-41C3-A6A1-146DE24D38F9}"
EndProject
Global
	GlobalSection(SolutionConfigurationPlatforms) = preSolution
		Debug|Any CPU = Debug|Any CPU
		Release|Any CPU = Release|Any CPU
	EndGlobalSection
	GlobalSection(ProjectConfigurationPlatforms) = postSolution
		{D2B5E427-BED7-457A-B8ED-35448AEE3C11}.Debug|Any CPU.ActiveCfg = Debug|Any CPU
		{D2B5E427-BED7-457A-B8ED-35448AEE3C11}.Debug|Any CPU.Build.0 = Debug|Any CPU
		{D2B5E427-BED7-457A-B8ED-35448AEE3C11}.Release|Any CPU.ActiveCfg = Release|Any CPU
		{D2B5E427-BED7-457A-B8ED-35448AEE3C11}.Release|Any CPU.Build.0 = Release|Any CPU
		{C711280B-FE86-4890-9D73-59CA6C8D0870}.Debug|Any CPU.ActiveCfg = Debug|Any CPU
		{C711280B-FE86-4890-9D73-59CA6C8D0870}.Debug|Any CPU.Build.0 = Debug|Any CPU
		{C711280B-FE86-4890-9D73-59CA6C8D0870}.Release|Any CPU.ActiveCfg = Release|Any CPU
		{C711280B-FE86-4890-9D73-59CA6C8D0870}.Release|Any CPU.Build.0 = Release|Any CPU
		{3D669936-D52F-41C3-A6A1-146DE24D38F9}.Debug|Any CPU.ActiveCfg = Debug|Any CPU
		{3D669936-D52F-41C3-A6A1-146DE24D38F9}.Debug|Any CPU.Build.0 = Debug|Any CPU
		{3D669936-D52F-41C3-A6A1-146DE24D38F9}.Release|Any CPU.ActiveCfg = Release|Any CPU
		{3D669936-D52F-41C3-A6A1-146DE24D38F9}.Release|Any CPU.Build.0 = Release|Any CPU
	EndGlobalSection
	GlobalSection(SolutionProperties) = preSolution
		HideSolutionNode = FALSE
	EndGlobalSection
	GlobalSection(ExtensibilityGlobals) = postSolution
		SolutionGuid = {8044CB83-DD32-4F9C-A3BD-7AB7DE3E2EAA}
	EndGlobalSection
EndGlobal
